
Microsoft Visual Studio Solution File, Format Version 12.00
# Visual Studio Version 17
VisualStudioVersion = 17.13.35806.99
MinimumVisualStudioVersion = 10.0.40219.1
Project("{FAE04EC0-301F-11D3-BF4B-00C04F79EFBC}") = "TravelAndAccommodationBookingPlatform.Core", "TravelAndAccommodationBookingPlatform.Core\TravelAndAccommodationBookingPlatform.Core.csproj", "{6C2E0168-511A-49CC-B691-1268BB31D52D}"
EndProject
Project("{FAE04EC0-301F-11D3-BF4B-00C04F79EFBC}") = "TravelAndAccommodationBookingPlatform.Application", "TravelAndAccommodationBookingPlatform.Application\TravelAndAccommodationBookingPlatform.Application.csproj", "{12AAA43F-3C75-4071-AAAF-D4F519B84A51}"
EndProject
Project("{FAE04EC0-301F-11D3-BF4B-00C04F79EFBC}") = "TravelAndAccommodationBookingPlatform.Infrastructure", "TravelAndAccommodationBookingPlatform.Infrastructure\TravelAndAccommodationBookingPlatform.Infrastructure.csproj", "{4E1C375F-B826-4C3D-858E-71E84308409C}"
EndProject
Project("{FAE04EC0-301F-11D3-BF4B-00C04F79EFBC}") = "TravelAndAccommodationBookingPlatform.WebAPI", "TravelAndAccommodationBookingPlatform.WebAPI\TravelAndAccommodationBookingPlatform.WebAPI.csproj", "{7AAC6053-6263-4DF9-B1E2-146FAFFA2781}"
EndProject
Project("{2150E333-8FDC-42A3-9474-1A3956D46DE8}") = "Solution Items", "Solution Items", "{8EC462FD-D22E-90A8-E5CE-7E832BA40C5D}"
	ProjectSection(SolutionItems) = preProject
		.dockerignore = .dockerignore
		docker-compose.yml = docker-compose.yml
		dockerfile = dockerfile
	EndProjectSection
EndProject
Project("{FAE04EC0-301F-11D3-BF4B-00C04F79EFBC}") = "TravelAndAccommodationBookingPlatform.Core.Tests", "TravelAndAccommodationBookingPlatform.Core.Tests\TravelAndAccommodationBookingPlatform.Core.Tests.csproj", "{3E945ADA-33D1-40F6-92E3-551B7E4231A0}"
EndProject
Project("{FAE04EC0-301F-11D3-BF4B-00C04F79EFBC}") = "TravelAndAccommodationBookingPlatform.Application.Tests", "TravelAndAccommodationBookingPlatform.Application.Tests\TravelAndAccommodationBookingPlatform.Application.Tests.csproj", "{6BECA581-04C9-403F-98F8-DB7D5D48FAE0}"
EndProject
Global
	GlobalSection(SolutionConfigurationPlatforms) = preSolution
		Debug|Any CPU = Debug|Any CPU
		Release|Any CPU = Release|Any CPU
	EndGlobalSection
	GlobalSection(ProjectConfigurationPlatforms) = postSolution
		{6C2E0168-511A-49CC-B691-1268BB31D52D}.Debug|Any CPU.ActiveCfg = Debug|Any CPU
		{6C2E0168-511A-49CC-B691-1268BB31D52D}.Debug|Any CPU.Build.0 = Debug|Any CPU
		{6C2E0168-511A-49CC-B691-1268BB31D52D}.Release|Any CPU.ActiveCfg = Release|Any CPU
		{6C2E0168-511A-49CC-B691-1268BB31D52D}.Release|Any CPU.Build.0 = Release|Any CPU
		{12AAA43F-3C75-4071-AAAF-D4F519B84A51}.Debug|Any CPU.ActiveCfg = Debug|Any CPU
		{12AAA43F-3C75-4071-AAAF-D4F519B84A51}.Debug|Any CPU.Build.0 = Debug|Any CPU
		{12AAA43F-3C75-4071-AAAF-D4F519B84A51}.Release|Any CPU.ActiveCfg = Release|Any CPU
		{12AAA43F-3C75-4071-AAAF-D4F519B84A51}.Release|Any CPU.Build.0 = Release|Any CPU
		{4E1C375F-B826-4C3D-858E-71E84308409C}.Debug|Any CPU.ActiveCfg = Debug|Any CPU
		{4E1C375F-B826-4C3D-858E-71E84308409C}.Debug|Any CPU.Build.0 = Debug|Any CPU
		{4E1C375F-B826-4C3D-858E-71E84308409C}.Release|Any CPU.ActiveCfg = Release|Any CPU
		{4E1C375F-B826-4C3D-858E-71E84308409C}.Release|Any CPU.Build.0 = Release|Any CPU
		{7AAC6053-6263-4DF9-B1E2-146FAFFA2781}.Debug|Any CPU.ActiveCfg = Debug|Any CPU
		{7AAC6053-6263-4DF9-B1E2-146FAFFA2781}.Debug|Any CPU.Build.0 = Debug|Any CPU
		{7AAC6053-6263-4DF9-B1E2-146FAFFA2781}.Release|Any CPU.ActiveCfg = Release|Any CPU
		{7AAC6053-6263-4DF9-B1E2-146FAFFA2781}.Release|Any CPU.Build.0 = Release|Any CPU
		{3E945ADA-33D1-40F6-92E3-551B7E4231A0}.Debug|Any CPU.ActiveCfg = Debug|Any CPU
		{3E945ADA-33D1-40F6-92E3-551B7E4231A0}.Debug|Any CPU.Build.0 = Debug|Any CPU
		{3E945ADA-33D1-40F6-92E3-551B7E4231A0}.Release|Any CPU.ActiveCfg = Release|Any CPU
		{3E945ADA-33D1-40F6-92E3-551B7E4231A0}.Release|Any CPU.Build.0 = Release|Any CPU
		{6BECA581-04C9-403F-98F8-DB7D5D48FAE0}.Debug|Any CPU.ActiveCfg = Debug|Any CPU
		{6BECA581-04C9-403F-98F8-DB7D5D48FAE0}.Debug|Any CPU.Build.0 = Debug|Any CPU
		{6BECA581-04C9-403F-98F8-DB7D5D48FAE0}.Release|Any CPU.ActiveCfg = Release|Any CPU
		{6BECA581-04C9-403F-98F8-DB7D5D48FAE0}.Release|Any CPU.Build.0 = Release|Any CPU
	EndGlobalSection
	GlobalSection(SolutionProperties) = preSolution
		HideSolutionNode = FALSE
	EndGlobalSection
	GlobalSection(ExtensibilityGlobals) = postSolution
		SolutionGuid = {5C0EBF4E-1FFD-4F01-AAB1-D3C292A07007}
	EndGlobalSection
EndGlobal
